// !$*UTF8*$!
{
	archiveVersion = 1;
	classes = {
	};
	objectVersion = 77;
	objects = {

/* Begin PBXBuildFile section */
		01C554872F49C5E100DDA7A7 /* GoogleSignIn in Frameworks */ = {isa = PBXBuildFile; productRef = 01C554862F49C5E100DDA7A7 /* GoogleSignIn */; };
		01C554892F49C5E100DDA7A7 /* GoogleSignInSwift in Frameworks */ = {isa = PBXBuildFile; productRef = 01C554882F49C5E100DDA7A7 /* GoogleSignInSwift */; };
		01C5548B2F49C9CD00DDA7A7 /* GoogleService-Info.plist in Resources */ = {isa = PBXBuildFile; fileRef = 01C5548A2F49C9CD00DDA7A7 /* GoogleService-Info.plist */; };
		01C5548E2F49CB0100DDA7A7 /* FirebaseAuth in Frameworks */ = {isa = PBXBuildFile; productRef = 01C5548D2F49CB0100DDA7A7 /* FirebaseAuth */; };
		01C554902F49CB0100DDA7A7 /* FirebaseCore in Frameworks */ = {isa = PBXBuildFile; productRef = 01C5548F2F49CB0100DDA7A7 /* FirebaseCore */; };
/* End PBXBuildFile section */

/* Begin PBXContainerItemProxy section */
		01E976992F48CE1F00658B38 /* PBXContainerItemProxy */ = {
			isa = PBXContainerItemProxy;
			containerPortal = 01E9767E2F48CE1D00658B38 /* Project object */;
			proxyType = 1;
			remoteGlobalIDString = 01E976852F48CE1D00658B38;
			remoteInfo = fynuu;
		};
		01E976A32F48CE1F00658B38 /* PBXContainerItemProxy */ = {
			isa = PBXContainerItemProxy;
			containerPortal = 01E9767E2F48CE1D00658B38 /* Project object */;
			proxyType = 1;
			remoteGlobalIDString = 01E976852F48CE1D00658B38;
			remoteInfo = fynuu;
		};
/* End PBXContainerItemProxy section */

/* Begin PBXFileReference section */
		01C5548A2F49C9CD00DDA7A7 /* GoogleService-Info.plist */ = {isa = PBXFileReference; lastKnownFileType = text.plist.xml; path = "GoogleService-Info.plist"; sourceTree = "<group>"; };
		01E976862F48CE1D00658B38 /* fynuu.app */ = {isa = PBXFileReference; explicitFileType = wrapper.application; includeInIndex = 0; path = fynuu.app; sourceTree = BUILT_PRODUCTS_DIR; };
		01E976982F48CE1F00658B38 /* fynuuTests.xctest */ = {isa = PBXFileReference; explicitFileType = wrapper.cfbundle; includeInIndex = 0; path = fynuuTests.xctest; sourceTree = BUILT_PRODUCTS_DIR; };
		01E976A22F48CE1F00658B38 /* fynuuUITests.xctest */ = {isa = PBXFileReference; explicitFileType = wrapper.cfbundle; includeInIndex = 0; path = fynuuUITests.xctest; sourceTree = BUILT_PRODUCTS_DIR; };
/* End PBXFileReference section */

/* Begin PBXFileSystemSynchronizedBuildFileExceptionSet section */
		01C554922F49CB9900DDA7A7 /* Exceptions for "fynuu" folder in "fynuu" target */ = {
			isa = PBXFileSystemSynchronizedBuildFileExceptionSet;
			membershipExceptions = (
				Info.plist,
			);
			target = 01E976852F48CE1D00658B38 /* fynuu */;
		};
/* End PBXFileSystemSynchronizedBuildFileExceptionSet section */

/* Begin PBXFileSystemSynchronizedRootGroup section */
		01E976882F48CE1D00658B38 /* fynuu */ = {
			isa = PBXFileSystemSynchronizedRootGroup;
			exceptions = (
				01C554922F49CB9900DDA7A7 /* Exceptions for "fynuu" folder in "fynuu" target */,
			);
			path = fynuu;
			sourceTree = "<group>";
		};
		01E9769B2F48CE1F00658B38 /* fynuuTests */ = {
			isa = PBXFileSystemSynchronizedRootGroup;
			path = fynuuTests;
			sourceTree = "<group>";
		};
		01E976A52F48CE1F00658B38 /* fynuuUITests */ = {
			isa = PBXFileSystemSynchronizedRootGroup;
			path = fynuuUITests;
			sourceTree = "<group>";
		};
/* End PBXFileSystemSynchronizedRootGroup section */

/* Begin PBXFrameworksBuildPhase section */
		01E976832F48CE1D00658B38 /* Frameworks */ = {
			isa = PBXFrameworksBuildPhase;
			buildActionMask = 2147483647;
			files = (
				01C554872F49C5E100DDA7A7 /* GoogleSignIn in Frameworks */,
				01C5548E2F49CB0100DDA7A7 /* FirebaseAuth in Frameworks */,
				01C554902F49CB0100DDA7A7 /* FirebaseCore in Frameworks */,
				01C554892F49C5E100DDA7A7 /* GoogleSignInSwift in Frameworks */,
			);
			runOnlyForDeploymentPostprocessing = 0;
		};
		01E976952F48CE1F00658B38 /* Frameworks */ = {
			isa = PBXFrameworksBuildPhase;
			buildActionMask = 2147483647;
			files = (
			);
			runOnlyForDeploymentPostprocessing = 0;
		};
		01E9769F2F48CE1F00658B38 /* Frameworks */ = {
			isa = PBXFrameworksBuildPhase;
			buildActionMask = 2147483647;
			files = (
			);
			runOnlyForDeploymentPostprocessing = 0;
		};
/* End PBXFrameworksBuildPhase section */

/* Begin PBXGroup section */
		01E9767D2F48CE1D00658B38 = {
			isa = PBXGroup;
			children = (
				01E976882F48CE1D00658B38 /* fynuu */,
				01E9769B2F48CE1F00658B38 /* fynuuTests */,
				01E976A52F48CE1F00658B38 /* fynuuUITests */,
				01E976872F48CE1D00658B38 /* Products */,
				01C5548A2F49C9CD00DDA7A7 /* GoogleService-Info.plist */,
			);
			sourceTree = "<group>";
		};
		01E976872F48CE1D00658B38 /* Products */ = {
			isa = PBXGroup;
			children = (
				01E976862F48CE1D00658B38 /* fynuu.app */,
				01E976982F48CE1F00658B38 /* fynuuTests.xctest */,
				01E976A22F48CE1F00658B38 /* fynuuUITests.xctest */,
			);
			name = Products;
			sourceTree = "<group>";
		};
/* End PBXGroup section */

/* Begin PBXNativeTarget section */
		01E976852F48CE1D00658B38 /* fynuu */ = {
			isa = PBXNativeTarget;
			buildConfigurationList = 01E976AC2F48CE1F00658B38 /* Build configuration list for PBXNativeTarget "fynuu" */;
			buildPhases = (
				01E976822F48CE1D00658B38 /* Sources */,
				01E976832F48CE1D00658B38 /* Frameworks */,
				01E976842F48CE1D00658B38 /* Resources */,
			);
			buildRules = (
			);
			dependencies = (
			);
			fileSystemSynchronizedGroups = (
				01E976882F48CE1D00658B38 /* fynuu */,
			);
			name = fynuu;
			packageProductDependencies = (
				01C554862F49C5E100DDA7A7 /* GoogleSignIn */,
				01C554882F49C5E100DDA7A7 /* GoogleSignInSwift */,
				01C5548D2F49CB0100DDA7A7 /* FirebaseAuth */,
				01C5548F2F49CB0100DDA7A7 /* FirebaseCore */,
			);
			productName = fynuu;
			productReference = 01E976862F48CE1D00658B38 /* fynuu.app */;
			productType = "com.apple.product-type.application";
		};
		01E976972F48CE1F00658B38 /* fynuuTests */ = {
			isa = PBXNativeTarget;
			buildConfigurationList = 01E976AF2F48CE1F00658B38 /* Build configuration list for PBXNativeTarget "fynuuTests" */;
			buildPhases = (
				01E976942F48CE1F00658B38 /* Sources */,
				01E976952F48CE1F00658B38 /* Frameworks */,
				01E976962F48CE1F00658B38 /* Resources */,
			);
			buildRules = (
			);
			dependencies = (
				01E9769A2F48CE1F00658B38 /* PBXTargetDependency */,
			);
			fileSystemSynchronizedGroups = (
				01E9769B2F48CE1F00658B38 /* fynuuTests */,
			);
			name = fynuuTests;
			packageProductDependencies = (
			);
			productName = fynuuTests;
			productReference = 01E976982F48CE1F00658B38 /* fynuuTests.xctest */;
			productType = "com.apple.product-type.bundle.unit-test";
		};
		01E976A12F48CE1F00658B38 /* fynuuUITests */ = {
			isa = PBXNativeTarget;
			buildConfigurationList = 01E976B22F48CE1F00658B38 /* Build configuration list for PBXNativeTarget "fynuuUITests" */;
			buildPhases = (
				01E9769E2F48CE1F00658B38 /* Sources */,
				01E9769F2F48CE1F00658B38 /* Frameworks */,
				01E976A02F48CE1F00658B38 /* Resources */,
			);
			buildRules = (
			);
			dependencies = (
				01E976A42F48CE1F00658B38 /* PBXTargetDependency */,
			);
			fileSystemSynchronizedGroups = (
				01E976A52F48CE1F00658B38 /* fynuuUITests */,
			);
			name = fynuuUITests;
			packageProductDependencies = (
			);
			productName = fynuuUITests;
			productReference = 01E976A22F48CE1F00658B38 /* fynuuUITests.xctest */;
			productType = "com.apple.product-type.bundle.ui-testing";
		};
/* End PBXNativeTarget section */

/* Begin PBXProject section */
		01E9767E2F48CE1D00658B38 /* Project object */ = {
			isa = PBXProject;
			attributes = {
				BuildIndependentTargetsInParallel = 1;
				LastSwiftUpdateCheck = 1640;
				LastUpgradeCheck = 1640;
				TargetAttributes = {
					01E976852F48CE1D00658B38 = {
						CreatedOnToolsVersion = 16.4;
					};
					01E976972F48CE1F00658B38 = {
						CreatedOnToolsVersion = 16.4;
						TestTargetID = 01E976852F48CE1D00658B38;
					};
					01E976A12F48CE1F00658B38 = {
						CreatedOnToolsVersion = 16.4;
						TestTargetID = 01E976852F48CE1D00658B38;
					};
				};
			};
			buildConfigurationList = 01E976812F48CE1D00658B38 /* Build configuration list for PBXProject "fynuu" */;
			developmentRegion = en;
			hasScannedForEncodings = 0;
			knownRegions = (
				en,
				Base,
			);
			mainGroup = 01E9767D2F48CE1D00658B38;
			minimizedProjectReferenceProxies = 1;
			packageReferences = (
				01C554852F49C5E100DDA7A7 /* XCRemoteSwiftPackageReference "GoogleSignIn-iOS" */,
				01C5548C2F49CB0100DDA7A7 /* XCRemoteSwiftPackageReference "firebase-ios-sdk" */,
			);
			preferredProjectObjectVersion = 77;
			productRefGroup = 01E976872F48CE1D00658B38 /* Products */;
			projectDirPath = "";
			projectRoot = "";
			targets = (
				01E976852F48CE1D00658B38 /* fynuu */,
				01E976972F48CE1F00658B38 /* fynuuTests */,
				01E976A12F48CE1F00658B38 /* fynuuUITests */,
			);
		};
/* End PBXProject section */

/* Begin PBXResourcesBuildPhase section */
		01E976842F48CE1D00658B38 /* Resources */ = {
			isa = PBXResourcesBuildPhase;
			buildActionMask = 2147483647;
			files = (
				01C5548B2F49C9CD00DDA7A7 /* GoogleService-Info.plist in Resources */,
			);
			runOnlyForDeploymentPostprocessing = 0;
		};
		01E976962F48CE1F00658B38 /* Resources */ = {
			isa = PBXResourcesBuildPhase;
			buildActionMask = 2147483647;
			files = (
			);
			runOnlyForDeploymentPostprocessing = 0;
		};
		01E976A02F48CE1F00658B38 /* Resources */ = {
			isa = PBXResourcesBuildPhase;
			buildActionMask = 2147483647;
			files = (
			);
			runOnlyForDeploymentPostprocessing = 0;
		};
/* End PBXResourcesBuildPhase section */

/* Begin PBXSourcesBuildPhase section */
		01E976822F48CE1D00658B38 /* Sources */ = {
			isa = PBXSourcesBuildPhase;
			buildActionMask = 2147483647;
			files = (
			);
			runOnlyForDeploymentPostprocessing = 0;
		};
		01E976942F48CE1F00658B38 /* Sources */ = {
			isa = PBXSourcesBuildPhase;
			buildActionMask = 2147483647;
			files = (
			);
			runOnlyForDeploymentPostprocessing = 0;
		};
		01E9769E2F48CE1F00658B38 /* Sources */ = {
			isa = PBXSourcesBuildPhase;
			buildActionMask = 2147483647;
			files = (
			);
			runOnlyForDeploymentPostprocessing = 0;
		};
/* End PBXSourcesBuildPhase section */

/* Begin PBXTargetDependency section */
		01E9769A2F48CE1F00658B38 /* PBXTargetDependency */ = {
			isa = PBXTargetDependency;
			target = 01E976852F48CE1D00658B38 /* fynuu */;
			targetProxy = 01E976992F48CE1F00658B38 /* PBXContainerItemProxy */;
		};
		01E976A42F48CE1F00658B38 /* PBXTargetDependency */ = {
			isa = PBXTargetDependency;
			target = 01E976852F48CE1D00658B38 /* fynuu */;
			targetProxy = 01E976A32F48CE1F00658B38 /* PBXContainerItemProxy */;
		};
/* End PBXTargetDependency section */

/* Begin XCBuildConfiguration section */
		01E976AA2F48CE1F00658B38 /* Debug */ = {
			isa = XCBuildConfiguration;
			buildSettings = {
				ALWAYS_SEARCH_USER_PATHS = NO;
				ASSETCATALOG_COMPILER_GENERATE_SWIFT_ASSET_SYMBOL_EXTENSIONS = YES;
				CLANG_ANALYZER_NONNULL = YES;
				CLANG_ANALYZER_NUMBER_OBJECT_CONVERSION = YES_AGGRESSIVE;
				CLANG_CXX_LANGUAGE_STANDARD = "gnu++20";
				CLANG_ENABLE_MODULES = YES;
				CLANG_ENABLE_OBJC_ARC = YES;
				CLANG_ENABLE_OBJC_WEAK = YES;
				CLANG_WARN_BLOCK_CAPTURE_AUTORELEASING = YES;
				CLANG_WARN_BOOL_CONVERSION = YES;
				CLANG_WARN_COMMA = YES;
				CLANG_WARN_CONSTANT_CONVERSION = YES;
				CLANG_WARN_DEPRECATED_OBJC_IMPLEMENTATIONS = YES;
				CLANG_WARN_DIRECT_OBJC_ISA_USAGE = YES_ERROR;
				CLANG_WARN_DOCUMENTATION_COMMENTS = YES;
				CLANG_WARN_EMPTY_BODY = YES;
				CLANG_WARN_ENUM_CONVERSION = YES;
				CLANG_WARN_INFINITE_RECURSION = YES;
				CLANG_WARN_INT_CONVERSION = YES;
				CLANG_WARN_NON_LITERAL_NULL_CONVERSION = YES;
				CLANG_WARN_OBJC_IMPLICIT_RETAIN_SELF = YES;
				CLANG_WARN_OBJC_LITERAL_CONVERSION = YES;
				CLANG_WARN_OBJC_ROOT_CLASS = YES_ERROR;
				CLANG_WARN_QUOTED_INCLUDE_IN_FRAMEWORK_HEADER = YES;
				CLANG_WARN_RANGE_LOOP_ANALYSIS = YES;
				CLANG_WARN_STRICT_PROTOTYPES = YES;
				CLANG_WARN_SUSPICIOUS_MOVE = YES;
				CLANG_WARN_UNGUARDED_AVAILABILITY = YES_AGGRESSIVE;
				CLANG_WARN_UNREACHABLE_CODE = YES;
				CLANG_WARN__DUPLICATE_METHOD_MATCH = YES;
				COPY_PHASE_STRIP = NO;
				DEBUG_INFORMATION_FORMAT = dwarf;
				ENABLE_STRICT_OBJC_MSGSEND = YES;
				ENABLE_TESTABILITY = YES;
				ENABLE_USER_SCRIPT_SANDBOXING = YES;
				GCC_C_LANGUAGE_STANDARD = gnu17;
				GCC_DYNAMIC_NO_PIC = NO;
				GCC_NO_COMMON_BLOCKS = YES;
				GCC_OPTIMIZATION_LEVEL = 0;
				GCC_PREPROCESSOR_DEFINITIONS = (
					"DEBUG=1",
					"$(inherited)",
				);
				GCC_WARN_64_TO_32_BIT_CONVERSION = YES;
				GCC_WARN_ABOUT_RETURN_TYPE = YES_ERROR;
				GCC_WARN_UNDECLARED_SELECTOR = YES;
				GCC_WARN_UNINITIALIZED_AUTOS = YES_AGGRESSIVE;
				GCC_WARN_UNUSED_FUNCTION = YES;
				GCC_WARN_UNUSED_VARIABLE = YES;
				IPHONEOS_DEPLOYMENT_TARGET = 18.5;
				LOCALIZATION_PREFERS_STRING_CATALOGS = YES;
				MTL_ENABLE_DEBUG_INFO = INCLUDE_SOURCE;
				MTL_FAST_MATH = YES;
				ONLY_ACTIVE_ARCH = YES;
				SDKROOT = iphoneos;
				SWIFT_ACTIVE_COMPILATION_CONDITIONS = "DEBUG $(inherited)";
				SWIFT_OPTIMIZATION_LEVEL = "-Onone";
			};
			name = Debug;
		};
		01E976AB2F48CE1F00658B38 /* Release */ = {
			isa = XCBuildConfiguration;
			buildSettings = {
				ALWAYS_SEARCH_USER_PATHS = NO;
				ASSETCATALOG_COMPILER_GENERATE_SWIFT_ASSET_SYMBOL_EXTENSIONS = YES;
				CLANG_ANALYZER_NONNULL = YES;
				CLANG_ANALYZER_NUMBER_OBJECT_CONVERSION = YES_AGGRESSIVE;
				CLANG_CXX_LANGUAGE_STANDARD = "gnu++20";
				CLANG_ENABLE_MODULES = YES;
				CLANG_ENABLE_OBJC_ARC = YES;
				CLANG_ENABLE_OBJC_WEAK = YES;
				CLANG_WARN_BLOCK_CAPTURE_AUTORELEASING = YES;
				CLANG_WARN_BOOL_CONVERSION = YES;
				CLANG_WARN_COMMA = YES;
				CLANG_WARN_CONSTANT_CONVERSION = YES;
				CLANG_WARN_DEPRECATED_OBJC_IMPLEMENTATIONS = YES;
				CLANG_WARN_DIRECT_OBJC_ISA_USAGE = YES_ERROR;
				CLANG_WARN_DOCUMENTATION_COMMENTS = YES;
				CLANG_WARN_EMPTY_BODY = YES;
				CLANG_WARN_ENUM_CONVERSION = YES;
				CLANG_WARN_INFINITE_RECURSION = YES;
				CLANG_WARN_INT_CONVERSION = YES;
				CLANG_WARN_NON_LITERAL_NULL_CONVERSION = YES;
				CLANG_WARN_OBJC_IMPLICIT_RETAIN_SELF = YES;
				CLANG_WARN_OBJC_LITERAL_CONVERSION = YES;
				CLANG_WARN_OBJC_ROOT_CLASS = YES_ERROR;
				CLANG_WARN_QUOTED_INCLUDE_IN_FRAMEWORK_HEADER = YES;
				CLANG_WARN_RANGE_LOOP_ANALYSIS = YES;
				CLANG_WARN_STRICT_PROTOTYPES = YES;
				CLANG_WARN_SUSPICIOUS_MOVE = YES;
				CLANG_WARN_UNGUARDED_AVAILABILITY = YES_AGGRESSIVE;
				CLANG_WARN_UNREACHABLE_CODE = YES;
				CLANG_WARN__DUPLICATE_METHOD_MATCH = YES;
				COPY_PHASE_STRIP = NO;
				DEBUG_INFORMATION_FORMAT = "dwarf-with-dsym";
				ENABLE_NS_ASSERTIONS = NO;
				ENABLE_STRICT_OBJC_MSGSEND = YES;
				ENABLE_USER_SCRIPT_SANDBOXING = YES;
				GCC_C_LANGUAGE_STANDARD = gnu17;
				GCC_NO_COMMON_BLOCKS = YES;
				GCC_WARN_64_TO_32_BIT_CONVERSION = YES;
				GCC_WARN_ABOUT_RETURN_TYPE = YES_ERROR;
				GCC_WARN_UNDECLARED_SELECTOR = YES;
				GCC_WARN_UNINITIALIZED_AUTOS = YES_AGGRESSIVE;
				GCC_WARN_UNUSED_FUNCTION = YES;
				GCC_WARN_UNUSED_VARIABLE = YES;
				IPHONEOS_DEPLOYMENT_TARGET = 18.5;
				LOCALIZATION_PREFERS_STRING_CATALOGS = YES;
				MTL_ENABLE_DEBUG_INFO = NO;
				MTL_FAST_MATH = YES;
				SDKROOT = iphoneos;
				SWIFT_COMPILATION_MODE = wholemodule;
				VALIDATE_PRODUCT = YES;
			};
			name = Release;
		};
		01E976AD2F48CE1F00658B38 /* Debug */ = {
			isa = XCBuildConfiguration;
			buildSettings = {
				ASSETCATALOG_COMPILER_APPICON_NAME = AppIcon;
				ASSETCATALOG_COMPILER_GLOBAL_ACCENT_COLOR_NAME = AccentColor;
				CODE_SIGN_STYLE = Automatic;
				CURRENT_PROJECT_VERSION = 1;
				DEVELOPMENT_TEAM = 8FQ49G86UX;
				ENABLE_PREVIEWS = YES;
				GENERATE_INFOPLIST_FILE = YES;
				INFOPLIST_FILE = fynuu/Info.plist;
				INFOPLIST_KEY_CFBundleDisplayName = HybridChat;
				INFOPLIST_KEY_UIApplicationSceneManifest_Generation = YES;
				INFOPLIST_KEY_UIApplicationSupportsIndirectInputEvents = YES;
				INFOPLIST_KEY_UILaunchScreen_Generation = YES;
				INFOPLIST_KEY_UILaunchStoryboardName = I;
				INFOPLIST_KEY_UISupportedInterfaceOrientations_iPad = "UIInterfaceOrientationPortrait UIInterfaceOrientationPortraitUpsideDown UIInterfaceOrientationLandscapeLeft UIInterfaceOrientationLandscapeRight";
				INFOPLIST_KEY_UISupportedInterfaceOrientations_iPhone = "UIInterfaceOrientationPortrait UIInterfaceOrientationLandscapeLeft UIInterfaceOrientationLandscapeRight";
				LD_RUNPATH_SEARCH_PATHS = (
					"$(inherited)",
					"@executable_path/Frameworks",
				);
				MARKETING_VERSION = 1.0;
				PRODUCT_BUNDLE_IDENTIFIER = com.fynuu;
				PRODUCT_NAME = "$(TARGET_NAME)";
				SWIFT_EMIT_LOC_STRINGS = YES;
				SWIFT_VERSION = 5.0;
				TARGETED_DEVICE_FAMILY = "1,2";
			};
			name = Debug;
		};
		01E976AE2F48CE1F00658B38 /* Release */ = {
			isa = XCBuildConfiguration;
			buildSettings = {
				ASSETCATALOG_COMPILER_APPICON_NAME = AppIcon;
				ASSETCATALOG_COMPILER_GLOBAL_ACCENT_COLOR_NAME = AccentColor;
				CODE_SIGN_STYLE = Automatic;
				CURRENT_PROJECT_VERSION = 1;
				DEVELOPMENT_TEAM = 8FQ49G86UX;
				ENABLE_PREVIEWS = YES;
				GENERATE_INFOPLIST_FILE = YES;
				INFOPLIST_FILE = fynuu/Info.plist;
				INFOPLIST_KEY_CFBundleDisplayName = HybridChat;
				INFOPLIST_KEY_UIApplicationSceneManifest_Generation = YES;
				INFOPLIST_KEY_UIApplicationSupportsIndirectInputEvents = YES;
				INFOPLIST_KEY_UILaunchScreen_Generation = YES;
				INFOPLIST_KEY_UILaunchStoryboardName = I;
				INFOPLIST_KEY_UISupportedInterfaceOrientations_iPad = "UIInterfaceOrientationPortrait UIInterfaceOrientationPortraitUpsideDown UIInterfaceOrientationLandscapeLeft UIInterfaceOrientationLandscapeRight";
				INFOPLIST_KEY_UISupportedInterfaceOrientations_iPhone = "UIInterfaceOrientationPortrait UIInterfaceOrientationLandscapeLeft UIInterfaceOrientationLandscapeRight";
				LD_RUNPATH_SEARCH_PATHS = (
					"$(inherited)",
					"@executable_path/Frameworks",
				);
				MARKETING_VERSION = 1.0;
				PRODUCT_BUNDLE_IDENTIFIER = com.fynuu;
				PRODUCT_NAME = "$(TARGET_NAME)";
				SWIFT_EMIT_LOC_STRINGS = YES;
				SWIFT_VERSION = 5.0;
				TARGETED_DEVICE_FAMILY = "1,2";
			};
			name = Release;
		};
		01E976B02F48CE1F00658B38 /* Debug */ = {
			isa = XCBuildConfiguration;
			buildSettings = {
				BUNDLE_LOADER = "$(TEST_HOST)";
				CODE_SIGN_STYLE = Automatic;
				CURRENT_PROJECT_VERSION = 1;
				GENERATE_INFOPLIST_FILE = YES;
				IPHONEOS_DEPLOYMENT_TARGET = 18.5;
				MARKETING_VERSION = 1.0;
				PRODUCT_BUNDLE_IDENTIFIER = com.fynuuTests;
				PRODUCT_NAME = "$(TARGET_NAME)";
				SWIFT_EMIT_LOC_STRINGS = NO;
				SWIFT_VERSION = 5.0;
				TARGETED_DEVICE_FAMILY = "1,2";
				TEST_HOST = "$(BUILT_PRODUCTS_DIR)/fynuu.app/$(BUNDLE_EXECUTABLE_FOLDER_PATH)/fynuu";
			};
			name = Debug;
		};
		01E976B12F48CE1F00658B38 /* Release */ = {
			isa = XCBuildConfiguration;
			buildSettings = {
				BUNDLE_LOADER = "$(TEST_HOST)";
				CODE_SIGN_STYLE = Automatic;
				CURRENT_PROJECT_VERSION = 1;
				GENERATE_INFOPLIST_FILE = YES;
				IPHONEOS_DEPLOYMENT_TARGET = 18.5;
				MARKETING_VERSION = 1.0;
				PRODUCT_BUNDLE_IDENTIFIER = com.fynuuTests;
				PRODUCT_NAME = "$(TARGET_NAME)";
				SWIFT_EMIT_LOC_STRINGS = NO;
				SWIFT_VERSION = 5.0;
				TARGETED_DEVICE_FAMILY = "1,2";
				TEST_HOST = "$(BUILT_PRODUCTS_DIR)/fynuu.app/$(BUNDLE_EXECUTABLE_FOLDER_PATH)/fynuu";
			};
			name = Release;
		};
		01E976B32F48CE1F00658B38 /* Debug */ = {
			isa = XCBuildConfiguration;
			buildSettings = {
				CODE_SIGN_STYLE = Automatic;
				CURRENT_PROJECT_VERSION = 1;
				GENERATE_INFOPLIST_FILE = YES;
				MARKETING_VERSION = 1.0;
				PRODUCT_BUNDLE_IDENTIFIER = com.fynuuUITests;
				PRODUCT_NAME = "$(TARGET_NAME)";
				SWIFT_EMIT_LOC_STRINGS = NO;
				SWIFT_VERSION = 5.0;
				TARGETED_DEVICE_FAMILY = "1,2";
				TEST_TARGET_NAME = fynuu;
			};
			name = Debug;
		};
		01E976B42F48CE1F00658B38 /* Release */ = {
			isa = XCBuildConfiguration;
			buildSettings = {
				CODE_SIGN_STYLE = Automatic;
				CURRENT_PROJECT_VERSION = 1;
				GENERATE_INFOPLIST_FILE = YES;
				MARKETING_VERSION = 1.0;
				PRODUCT_BUNDLE_IDENTIFIER = com.fynuuUITests;
				PRODUCT_NAME = "$(TARGET_NAME)";
				SWIFT_EMIT_LOC_STRINGS = NO;
				SWIFT_VERSION = 5.0;
				TARGETED_DEVICE_FAMILY = "1,2";
				TEST_TARGET_NAME = fynuu;
			};
			name = Release;
		};
/* End XCBuildConfiguration section */

/* Begin XCConfigurationList section */
		01E976812F48CE1D00658B38 /* Build configuration list for PBXProject "fynuu" */ = {
			isa = XCConfigurationList;
			buildConfigurations = (
				01E976AA2F48CE1F00658B38 /* Debug */,
				01E976AB2F48CE1F00658B38 /* Release */,
			);
			defaultConfigurationIsVisible = 0;
			defaultConfigurationName = Release;
		};
		01E976AC2F48CE1F00658B38 /* Build configuration list for PBXNativeTarget "fynuu" */ = {
			isa = XCConfigurationList;
			buildConfigurations = (
				01E976AD2F48CE1F00658B38 /* Debug */,
				01E976AE2F48CE1F00658B38 /* Release */,
			);
			defaultConfigurationIsVisible = 0;
			defaultConfigurationName = Release;
		};
		01E976AF2F48CE1F00658B38 /* Build configuration list for PBXNativeTarget "fynuuTests" */ = {
			isa = XCConfigurationList;
			buildConfigurations = (
				01E976B02F48CE1F00658B38 /* Debug */,
				01E976B12F48CE1F00658B38 /* Release */,
			);
			defaultConfigurationIsVisible = 0;
			defaultConfigurationName = Release;
		};
		01E976B22F48CE1F00658B38 /* Build configuration list for PBXNativeTarget "fynuuUITests" */ = {
			isa = XCConfigurationList;
			buildConfigurations = (
				01E976B32F48CE1F00658B38 /* Debug */,
				01E976B42F48CE1F00658B38 /* Release */,
			);
			defaultConfigurationIsVisible = 0;
			defaultConfigurationName = Release;
		};
/* End XCConfigurationList section */

/* Begin XCRemoteSwiftPackageReference section */
		01C554852F49C5E100DDA7A7 /* XCRemoteSwiftPackageReference "GoogleSignIn-iOS" */ = {
			isa = XCRemoteSwiftPackageReference;
			repositoryURL = "https://github.com/google/GoogleSignIn-iOS";
			requirement = {
				kind = upToNextMajorVersion;
				minimumVersion = 9.1.0;
			};
		};
		01C5548C2F49CB0100DDA7A7 /* XCRemoteSwiftPackageReference "firebase-ios-sdk" */ = {
			isa = XCRemoteSwiftPackageReference;
			repositoryURL = "https://github.com/firebase/firebase-ios-sdk";
			requirement = {
				kind = upToNextMajorVersion;
				minimumVersion = 12.9.0;
			};
		};
/* End XCRemoteSwiftPackageReference section */

/* Begin XCSwiftPackageProductDependency section */
		01C554862F49C5E100DDA7A7 /* GoogleSignIn */ = {
			isa = XCSwiftPackageProductDependency;
			package = 01C554852F49C5E100DDA7A7 /* XCRemoteSwiftPackageReference "GoogleSignIn-iOS" */;
			productName = GoogleSignIn;
		};
		01C554882F49C5E100DDA7A7 /* GoogleSignInSwift */ = {
			isa = XCSwiftPackageProductDependency;
			package = 01C554852F49C5E100DDA7A7 /* XCRemoteSwiftPackageReference "GoogleSignIn-iOS" */;
			productName = GoogleSignInSwift;
		};
		01C5548D2F49CB0100DDA7A7 /* FirebaseAuth */ = {
			isa = XCSwiftPackageProductDependency;
			package = 01C5548C2F49CB0100DDA7A7 /* XCRemoteSwiftPackageReference "firebase-ios-sdk" */;
			productName = FirebaseAuth;
		};
		01C5548F2F49CB0100DDA7A7 /* FirebaseCore */ = {
			isa = XCSwiftPackageProductDependency;
			package = 01C5548C2F49CB0100DDA7A7 /* XCRemoteSwiftPackageReference "firebase-ios-sdk" */;
			productName = FirebaseCore;
		};
/* End XCSwiftPackageProductDependency section */
	};
	rootObject = 01E9767E2F48CE1D00658B38 /* Project object */;
}
